// !$*UTF8*$!
{
	archiveVersion = 1;
	classes = {
	};
	objectVersion = 50;
	objects = {

/* Begin PBXBuildFile section */
		977CF03D23B5F8A000C3C82A /* AppDelegate.swift in Sources */ = {isa = PBXBuildFile; fileRef = 977CF03C23B5F8A000C3C82A /* AppDelegate.swift */; };
		977CF03F23B5F8A000C3C82A /* SceneDelegate.swift in Sources */ = {isa = PBXBuildFile; fileRef = 977CF03E23B5F8A000C3C82A /* SceneDelegate.swift */; };
		977CF04123B5F8A000C3C82A /* ViewController.swift in Sources */ = {isa = PBXBuildFile; fileRef = 977CF04023B5F8A000C3C82A /* ViewController.swift */; };
		977CF04423B5F8A000C3C82A /* Main.storyboard in Resources */ = {isa = PBXBuildFile; fileRef = 977CF04223B5F8A000C3C82A /* Main.storyboard */; };
		977CF04623B5F8A100C3C82A /* Assets.xcassets in Resources */ = {isa = PBXBuildFile; fileRef = 977CF04523B5F8A100C3C82A /* Assets.xcassets */; };
		977CF04923B5F8A100C3C82A /* LaunchScreen.storyboard in Resources */ = {isa = PBXBuildFile; fileRef = 977CF04723B5F8A100C3C82A /* LaunchScreen.storyboard */; };
/* End PBXBuildFile section */

/* Begin PBXFileReference section */
		977CF03923B5F8A000C3C82A /* StudetnLocation.app */ = {isa = PBXFileReference; explicitFileType = wrapper.application; includeInIndex = 0; path = StudetnLocation.app; sourceTree = BUILT_PRODUCTS_DIR; };
		977CF03C23B5F8A000C3C82A /* AppDelegate.swift */ = {isa = PBXFileReference; lastKnownFileType = sourcecode.swift; path = AppDelegate.swift; sourceTree = "<group>"; };
		977CF03E23B5F8A000C3C82A /* SceneDelegate.swift */ = {isa = PBXFileReference; lastKnownFileType = sourcecode.swift; path = SceneDelegate.swift; sourceTree = "<group>"; };
		977CF04023B5F8A000C3C82A /* ViewController.swift */ = {isa = PBXFileReference; lastKnownFileType = sourcecode.swift; path = ViewController.swift; sourceTree = "<group>"; };
		977CF04323B5F8A000C3C82A /* Base */ = {isa = PBXFileReference; lastKnownFileType = file.storyboard; name = Base; path = Base.lproj/Main.storyboard; sourceTree = "<group>"; };
		977CF04523B5F8A100C3C82A /* Assets.xcassets */ = {isa = PBXFileReference; lastKnownFileType = folder.assetcatalog; path = Assets.xcassets; sourceTree = "<group>"; };
		977CF04823B5F8A100C3C82A /* Base */ = {isa = PBXFileReference; lastKnownFileType = file.storyboard; name = Base; path = Base.lproj/LaunchScreen.storyboard; sourceTree = "<group>"; };
		977CF04A23B5F8A100C3C82A /* Info.plist */ = {isa = PBXFileReference; lastKnownFileType = text.plist.xml; path = Info.plist; sourceTree = "<group>"; };
/* End PBXFileReference section */

/* Begin PBXFrameworksBuildPhase section */
		977CF03623B5F8A000C3C82A /* Frameworks */ = {
			isa = PBXFrameworksBuildPhase;
			buildActionMask = 2147483647;
			files = (
			);
			runOnlyForDeploymentPostprocessing = 0;
		};
/* End PBXFrameworksBuildPhase section */

/* Begin PBXGroup section */
		977CF03023B5F8A000C3C82A = {
			isa = PBXGroup;
			children = (
				977CF03B23B5F8A000C3C82A /* StudetnLocation */,
				977CF03A23B5F8A000C3C82A /* Products */,
			);
			sourceTree = "<group>";
		};
		977CF03A23B5F8A000C3C82A /* Products */ = {
			isa = PBXGroup;
			children = (
				977CF03923B5F8A000C3C82A /* StudetnLocation.app */,
			);
			name = Products;
			sourceTree = "<group>";
		};
		977CF03B23B5F8A000C3C82A /* StudetnLocation */ = {
			isa = PBXGroup;
			children = (
				977CF03C23B5F8A000C3C82A /* AppDelegate.swift */,
				977CF03E23B5F8A000C3C82A /* SceneDelegate.swift */,
				977CF04023B5F8A000C3C82A /* ViewController.swift */,
				977CF04223B5F8A000C3C82A /* Main.storyboard */,
				977CF04523B5F8A100C3C82A /* Assets.xcassets */,
				977CF04723B5F8A100C3C82A /* LaunchScreen.storyboard */,
				977CF04A23B5F8A100C3C82A /* Info.plist */,
			);
			path = StudetnLocation;
			sourceTree = "<group>";
		};
/* End PBXGroup section */

/* Begin PBXNativeTarget section */
		977CF03823B5F8A000C3C82A /* StudetnLocation */ = {
			isa = PBXNativeTarget;
			buildConfigurationList = 977CF04D23B5F8A100C3C82A /* Build configuration list for PBXNativeTarget "StudetnLocation" */;
			buildPhases = (
				977CF03523B5F8A000C3C82A /* Sources */,
				977CF03623B5F8A000C3C82A /* Frameworks */,
				977CF03723B5F8A000C3C82A /* Resources */,
			);
			buildRules = (
			);
			dependencies = (
			);
			name = StudetnLocation;
			productName = StudetnLocation;
			productReference = 977CF03923B5F8A000C3C82A /* StudetnLocation.app */;
			productType = "com.apple.product-type.application";
		};
/* End PBXNativeTarget section */

/* Begin PBXProject section */
		977CF03123B5F8A000C3C82A /* Project object */ = {
			isa = PBXProject;
			attributes = {
				LastSwiftUpdateCheck = 1130;
				LastUpgradeCheck = 1130;
				ORGANIZATIONNAME = "alexey sorochan";
				TargetAttributes = {
					977CF03823B5F8A000C3C82A = {
						CreatedOnToolsVersion = 11.3;
					};
				};
			};
			buildConfigurationList = 977CF03423B5F8A000C3C82A /* Build configuration list for PBXProject "StudetnLocation" */;
			compatibilityVersion = "Xcode 9.3";
			developmentRegion = en;
			hasScannedForEncodings = 0;
			knownRegions = (
				en,
				Base,
			);
			mainGroup = 977CF03023B5F8A000C3C82A;
			productRefGroup = 977CF03A23B5F8A000C3C82A /* Products */;
			projectDirPath = "";
			projectRoot = "";
			targets = (
				977CF03823B5F8A000C3C82A /* StudetnLocation */,
			);
		};
/* End PBXProject section */

/* Begin PBXResourcesBuildPhase section */
		977CF03723B5F8A000C3C82A /* Resources */ = {
			isa = PBXResourcesBuildPhase;
			buildActionMask = 2147483647;
			files = (
				977CF04923B5F8A100C3C82A /* LaunchScreen.storyboard in Resources */,
				977CF04623B5F8A100C3C82A /* Assets.xcassets in Resources */,
				977CF04423B5F8A000C3C82A /* Main.storyboard in Resources */,
			);
			runOnlyForDeploymentPostprocessing = 0;
		};
/* End PBXResourcesBuildPhase section */

/* Begin PBXSourcesBuildPhase section */
		977CF03523B5F8A000C3C82A /* Sources */ = {
			isa = PBXSourcesBuildPhase;
			buildActionMask = 2147483647;
			files = (
				977CF04123B5F8A000C3C82A /* ViewController.swift in Sources */,
				977CF03D23B5F8A000C3C82A /* AppDelegate.swift in Sources */,
				977CF03F23B5F8A000C3C82A /* SceneDelegate.swift in Sources */,
			);
			runOnlyForDeploymentPostprocessing = 0;
		};
/* End PBXSourcesBuildPhase section */

/* Begin PBXVariantGroup section */
		977CF04223B5F8A000C3C82A /* Main.storyboard */ = {
			isa = PBXVariantGroup;
			children = (
				977CF04323B5F8A000C3C82A /* Base */,
			);
			name = Main.storyboard;
			sourceTree = "<group>";
		};
		977CF04723B5F8A100C3C82A /* LaunchScreen.storyboard */ = {
			isa = PBXVariantGroup;
			children = (
				977CF04823B5F8A100C3C82A /* Base */,
			);
			name = LaunchScreen.storyboard;
			sourceTree = "<group>";
		};
/* End PBXVariantGroup section */

/* Begin XCBuildConfiguration section */
		977CF04B23B5F8A100C3C82A /* Debug */ = {
			isa = XCBuildConfiguration;
			buildSettings = {
				ALWAYS_SEARCH_USER_PATHS = NO;
				CLANG_ANALYZER_NONNULL = YES;
				CLANG_ANALYZER_NUMBER_OBJECT_CONVERSION = YES_AGGRESSIVE;
				CLANG_CXX_LANGUAGE_STANDARD = "gnu++14";
				CLANG_CXX_LIBRARY = "libc++";
				CLANG_ENABLE_MODULES = YES;
				CLANG_ENABLE_OBJC_ARC = YES;
				CLANG_ENABLE_OBJC_WEAK = YES;
				CLANG_WARN_BLOCK_CAPTURE_AUTORELEASING = YES;
				CLANG_WARN_BOOL_CONVERSION = YES;
				CLANG_WARN_COMMA = YES;
				CLANG_WARN_CONSTANT_CONVERSION = YES;
				CLANG_WARN_DEPRECATED_OBJC_IMPLEMENTATIONS = YES;
				CLANG_WARN_DIRECT_OBJC_ISA_USAGE = YES_ERROR;
				CLANG_WARN_DOCUMENTATION_COMMENTS = YES;
				CLANG_WARN_EMPTY_BODY = YES;
				CLANG_WARN_ENUM_CONVERSION = YES;
				CLANG_WARN_INFINITE_RECURSION = YES;
				CLANG_WARN_INT_CONVERSION = YES;
				CLANG_WARN_NON_LITERAL_NULL_CONVERSION = YES;
				CLANG_WARN_OBJC_IMPLICIT_RETAIN_SELF = YES;
				CLANG_WARN_OBJC_LITERAL_CONVERSION = YES;
				CLANG_WARN_OBJC_ROOT_CLASS = YES_ERROR;
				CLANG_WARN_RANGE_LOOP_ANALYSIS = YES;
				CLANG_WARN_STRICT_PROTOTYPES = YES;
				CLANG_WARN_SUSPICIOUS_MOVE = YES;
				CLANG_WARN_UNGUARDED_AVAILABILITY = YES_AGGRESSIVE;
				CLANG_WARN_UNREACHABLE_CODE = YES;
				CLANG_WARN__DUPLICATE_METHOD_MATCH = YES;
				COPY_PHASE_STRIP = NO;
				DEBUG_INFORMATION_FORMAT = dwarf;
				ENABLE_STRICT_OBJC_MSGSEND = YES;
				ENABLE_TESTABILITY = YES;
				GCC_C_LANGUAGE_STANDARD = gnu11;
				GCC_DYNAMIC_NO_PIC = NO;
				GCC_NO_COMMON_BLOCKS = YES;
				GCC_OPTIMIZATION_LEVEL = 0;
				GCC_PREPROCESSOR_DEFINITIONS = (
					"DEBUG=1",
					"$(inherited)",
				);
				GCC_WARN_64_TO_32_BIT_CONVERSION = YES;
				GCC_WARN_ABOUT_RETURN_TYPE = YES_ERROR;
				GCC_WARN_UNDECLARED_SELECTOR = YES;
				GCC_WARN_UNINITIALIZED_AUTOS = YES_AGGRESSIVE;
				GCC_WARN_UNUSED_FUNCTION = YES;
				GCC_WARN_UNUSED_VARIABLE = YES;
				IPHONEOS_DEPLOYMENT_TARGET = 13.2;
				MTL_ENABLE_DEBUG_INFO = INCLUDE_SOURCE;
				MTL_FAST_MATH = YES;
				ONLY_ACTIVE_ARCH = YES;
				SDKROOT = iphoneos;
				SWIFT_ACTIVE_COMPILATION_CONDITIONS = DEBUG;
				SWIFT_OPTIMIZATION_LEVEL = "-Onone";
			};
			name = Debug;
		};
		977CF04C23B5F8A100C3C82A /* Release */ = {
			isa = XCBuildConfiguration;
			buildSettings = {
				ALWAYS_SEARCH_USER_PATHS = NO;
				CLANG_ANALYZER_NONNULL = YES;
				CLANG_ANALYZER_NUMBER_OBJECT_CONVERSION = YES_AGGRESSIVE;
				CLANG_CXX_LANGUAGE_STANDARD = "gnu++14";
				CLANG_CXX_LIBRARY = "libc++";
				CLANG_ENABLE_MODULES = YES;
				CLANG_ENABLE_OBJC_ARC = YES;
				CLANG_ENABLE_OBJC_WEAK = YES;
				CLANG_WARN_BLOCK_CAPTURE_AUTORELEASING = YES;
				CLANG_WARN_BOOL_CONVERSION = YES;
				CLANG_WARN_COMMA = YES;
				CLANG_WARN_CONSTANT_CONVERSION = YES;
				CLANG_WARN_DEPRECATED_OBJC_IMPLEMENTATIONS = YES;
				CLANG_WARN_DIRECT_OBJC_ISA_USAGE = YES_ERROR;
				CLANG_WARN_DOCUMENTATION_COMMENTS = YES;
				CLANG_WARN_EMPTY_BODY = YES;
				CLANG_WARN_ENUM_CONVERSION = YES;
				CLANG_WARN_INFINITE_RECURSION = YES;
				CLANG_WARN_INT_CONVERSION = YES;
				CLANG_WARN_NON_LITERAL_NULL_CONVERSION = YES;
				CLANG_WARN_OBJC_IMPLICIT_RETAIN_SELF = YES;
				CLANG_WARN_OBJC_LITERAL_CONVERSION = YES;
				CLANG_WARN_OBJC_ROOT_CLASS = YES_ERROR;
				CLANG_WARN_RANGE_LOOP_ANALYSIS = YES;
				CLANG_WARN_STRICT_PROTOTYPES = YES;
				CLANG_WARN_SUSPICIOUS_MOVE = YES;
				CLANG_WARN_UNGUARDED_AVAILABILITY = YES_AGGRESSIVE;
				CLANG_WARN_UNREACHABLE_CODE = YES;
				CLANG_WARN__DUPLICATE_METHOD_MATCH = YES;
				COPY_PHASE_STRIP = NO;
				DEBUG_INFORMATION_FORMAT = "dwarf-with-dsym";
				ENABLE_NS_ASSERTIONS = NO;
				ENABLE_STRICT_OBJC_MSGSEND = YES;
				GCC_C_LANGUAGE_STANDARD = gnu11;
				GCC_NO_COMMON_BLOCKS = YES;
				GCC_WARN_64_TO_32_BIT_CONVERSION = YES;
				GCC_WARN_ABOUT_RETURN_TYPE = YES_ERROR;
				GCC_WARN_UNDECLARED_SELECTOR = YES;
				GCC_WARN_UNINITIALIZED_AUTOS = YES_AGGRESSIVE;
				GCC_WARN_UNUSED_FUNCTION = YES;
				GCC_WARN_UNUSED_VARIABLE = YES;
				IPHONEOS_DEPLOYMENT_TARGET = 13.2;
				MTL_ENABLE_DEBUG_INFO = NO;
				MTL_FAST_MATH = YES;
				SDKROOT = iphoneos;
				SWIFT_COMPILATION_MODE = wholemodule;
				SWIFT_OPTIMIZATION_LEVEL = "-O";
				VALIDATE_PRODUCT = YES;
			};
			name = Release;
		};
		977CF04E23B5F8A100C3C82A /* Debug */ = {
			isa = XCBuildConfiguration;
			buildSettings = {
				ASSETCATALOG_COMPILER_APPICON_NAME = AppIcon;
				CODE_SIGN_STYLE = Automatic;
				DEVELOPMENT_TEAM = NWX6LJCJ67;
				INFOPLIST_FILE = StudetnLocation/Info.plist;
				LD_RUNPATH_SEARCH_PATHS = (
					"$(inherited)",
					"@executable_path/Frameworks",
				);
				PRODUCT_BUNDLE_IDENTIFIER = "alexey-sorochan.StudetnLocation";
				PRODUCT_NAME = "$(TARGET_NAME)";
				SWIFT_VERSION = 5.0;
				TARGETED_DEVICE_FAMILY = "1,2";
			};
			name = Debug;
		};
		977CF04F23B5F8A100C3C82A /* Release */ = {
			isa = XCBuildConfiguration;
			buildSettings = {
				ASSETCATALOG_COMPILER_APPICON_NAME = AppIcon;
				CODE_SIGN_STYLE = Automatic;
				DEVELOPMENT_TEAM = NWX6LJCJ67;
				INFOPLIST_FILE = StudetnLocation/Info.plist;
				LD_RUNPATH_SEARCH_PATHS = (
					"$(inherited)",
					"@executable_path/Frameworks",
				);
				PRODUCT_BUNDLE_IDENTIFIER = "alexey-sorochan.StudetnLocation";
				PRODUCT_NAME = "$(TARGET_NAME)";
				SWIFT_VERSION = 5.0;
				TARGETED_DEVICE_FAMILY = "1,2";
			};
			name = Release;
		};
/* End XCBuildConfiguration section */

/* Begin XCConfigurationList section */
		977CF03423B5F8A000C3C82A /* Build configuration list for PBXProject "StudetnLocation" */ = {
			isa = XCConfigurationList;
			buildConfigurations = (
				977CF04B23B5F8A100C3C82A /* Debug */,
				977CF04C23B5F8A100C3C82A /* Release */,
			);
			defaultConfigurationIsVisible = 0;
			defaultConfigurationName = Release;
		};
		977CF04D23B5F8A100C3C82A /* Build configuration list for PBXNativeTarget "StudetnLocation" */ = {
			isa = XCConfigurationList;
			buildConfigurations = (
				977CF04E23B5F8A100C3C82A /* Debug */,
				977CF04F23B5F8A100C3C82A /* Release */,
			);
			defaultConfigurationIsVisible = 0;
			defaultConfigurationName = Release;
		};
/* End XCConfigurationList section */
	};
	rootObject = 977CF03123B5F8A000C3C82A /* Project object */;
}
